
Microsoft Visual Studio Solution File, Format Version 12.00
# Visual Studio 15
VisualStudioVersion = 15.0.28307.1705
MinimumVisualStudioVersion = 10.0.40219.1
Project("{FAE04EC0-301F-11D3-BF4B-00C04F79EFBC}") = "ToDoAPI.API", "ToDoAPI.API\ToDoAPI.API.csproj", "{232DE997-5235-4565-8F44-0FD341B35FB0}"
EndProject
Project("{FAE04EC0-301F-11D3-BF4B-00C04F79EFBC}") = "ToDoAPI.DATA.EF", "..\ToDoAPI.DATA.EF\ToDoAPI.DATA.EF.csproj", "{28ECCE97-1A50-4903-B571-9F6EAF5697EF}"
EndProject
Global
	GlobalSection(SolutionConfigurationPlatforms) = preSolution
		Debug|Any CPU = Debug|Any CPU
		Release|Any CPU = Release|Any CPU
	EndGlobalSection
	GlobalSection(ProjectConfigurationPlatforms) = postSolution
		{232DE997-5235-4565-8F44-0FD341B35FB0}.Debug|Any CPU.ActiveCfg = Debug|Any CPU
		{232DE997-5235-4565-8F44-0FD341B35FB0}.Debug|Any CPU.Build.0 = Debug|Any CPU
		{232DE997-5235-4565-8F44-0FD341B35FB0}.Release|Any CPU.ActiveCfg = Release|Any CPU
		{232DE997-5235-4565-8F44-0FD341B35FB0}.Release|Any CPU.Build.0 = Release|Any CPU
		{28ECCE97-1A50-4903-B571-9F6EAF5697EF}.Debug|Any CPU.ActiveCfg = Debug|Any CPU
		{28ECCE97-1A50-4903-B571-9F6EAF5697EF}.Debug|Any CPU.Build.0 = Debug|Any CPU
		{28ECCE97-1A50-4903-B571-9F6EAF5697EF}.Release|Any CPU.ActiveCfg = Release|Any CPU
		{28ECCE97-1A50-4903-B571-9F6EAF5697EF}.Release|Any CPU.Build.0 = Release|Any CPU
	EndGlobalSection
	GlobalSection(SolutionProperties) = preSolution
		HideSolutionNode = FALSE
	EndGlobalSection
	GlobalSection(ExtensibilityGlobals) = postSolution
		SolutionGuid = {C8DD4158-ABE8-4CA7-8CFE-A02288847A7D}
	EndGlobalSection
EndGlobal
